
Microsoft Visual Studio Solution File, Format Version 12.00
# Visual Studio Version 17
VisualStudioVersion = 17.9.34728.123
MinimumVisualStudioVersion = 10.0.40219.1
Project("{FAE04EC0-301F-11D3-BF4B-00C04F79EFBC}") = "BasicWebLogin", "BasicWebLogin.csproj", "{584C8865-9DC2-4941-B1F2-74FEA97D6568}"
EndProject
Global
	GlobalSection(SolutionConfigurationPlatforms) = preSolution
		Debug|Any CPU = Debug|Any CPU
		Release|Any CPU = Release|Any CPU
	EndGlobalSection
	GlobalSection(ProjectConfigurationPlatforms) = postSolution
		{584C8865-9DC2-4941-B1F2-74FEA97D6568}.Debug|Any CPU.ActiveCfg = Debug|Any CPU
		{584C8865-9DC2-4941-B1F2-74FEA97D6568}.Debug|Any CPU.Build.0 = Debug|Any CPU
		{584C8865-9DC2-4941-B1F2-74FEA97D6568}.Release|Any CPU.ActiveCfg = Release|Any CPU
		{584C8865-9DC2-4941-B1F2-74FEA97D6568}.Release|Any CPU.Build.0 = Release|Any CPU
	EndGlobalSection
	GlobalSection(SolutionProperties) = preSolution
		HideSolutionNode = FALSE
	EndGlobalSection
	GlobalSection(ExtensibilityGlobals) = postSolution
		SolutionGuid = {C3B38F65-C88B-4031-8C2D-0406526C671B}
	EndGlobalSection
EndGlobal
